
Microsoft Visual Studio Solution File, Format Version 12.00
# Visual Studio 14
VisualStudioVersion = 14.0.25123.0
MinimumVisualStudioVersion = 10.0.40219.1
Project("{FAE04EC0-301F-11D3-BF4B-00C04F79EFBC}") = "DataBaseAdapter", "DataBaseAdapter\DataBaseAdapter.csproj", "{2E13309F-7894-4CEA-A930-B9146BC3FB15}"
EndProject
Project("{FAE04EC0-301F-11D3-BF4B-00C04F79EFBC}") = "TestSuit", "TestSuit\TestSuit.csproj", "{F372D38B-7202-4313-92A1-5FA33D4F3EEE}"
EndProject
Global
	GlobalSection(SolutionConfigurationPlatforms) = preSolution
		Debug|Any CPU = Debug|Any CPU
		Release|Any CPU = Release|Any CPU
	EndGlobalSection
	GlobalSection(ProjectConfigurationPlatforms) = postSolution
		{2E13309F-7894-4CEA-A930-B9146BC3FB15}.Debug|Any CPU.ActiveCfg = Debug|Any CPU
		{2E13309F-7894-4CEA-A930-B9146BC3FB15}.Debug|Any CPU.Build.0 = Debug|Any CPU
		{2E13309F-7894-4CEA-A930-B9146BC3FB15}.Release|Any CPU.ActiveCfg = Release|Any CPU
		{2E13309F-7894-4CEA-A930-B9146BC3FB15}.Release|Any CPU.Build.0 = Release|Any CPU
		{F372D38B-7202-4313-92A1-5FA33D4F3EEE}.Debug|Any CPU.ActiveCfg = Debug|Any CPU
		{F372D38B-7202-4313-92A1-5FA33D4F3EEE}.Debug|Any CPU.Build.0 = Debug|Any CPU
		{F372D38B-7202-4313-92A1-5FA33D4F3EEE}.Release|Any CPU.ActiveCfg = Release|Any CPU
		{F372D38B-7202-4313-92A1-5FA33D4F3EEE}.Release|Any CPU.Build.0 = Release|Any CPU
	EndGlobalSection
	GlobalSection(SolutionProperties) = preSolution
		HideSolutionNode = FALSE
	EndGlobalSection
	GlobalSection(TeamFoundationVersionControl) = preSolution
		SccNumberOfProjects = 3
		SccEnterpriseProvider = {4CA58AB2-18FA-4F8D-95D4-32DDF27D184C}
		SccTeamFoundationServer = http://vahlkamp.selfhost.eu:8080/tfs/defaultcollection
		SccLocalPath0 = .
		SccProjectUniqueName1 = DataBaseAdapter\\DataBaseAdapter.csproj
		SccProjectName1 = DataBaseAdapter
		SccLocalPath1 = DataBaseAdapter
		SccProjectUniqueName2 = TestSuit\\TestSuit.csproj
		SccProjectName2 = TestSuit
		SccLocalPath2 = TestSuit
	EndGlobalSection
EndGlobal
